
Microsoft Visual Studio Solution File, Format Version 12.00
# Visual Studio Version 16
VisualStudioVersion = 16.0.30225.117
MinimumVisualStudioVersion = 10.0.40219.1
Project("{2150E333-8FDC-42A3-9474-1A3956D46DE8}") = "0-Bootstrapper", "0-Bootstrapper", "{7FC62D3F-0C1C-4910-8A71-A535190D4568}"
EndProject
Project("{2150E333-8FDC-42A3-9474-1A3956D46DE8}") = "2-Presentation", "2-Presentation", "{B68E2F17-24DF-4297-92BD-CAC6B55BB270}"
EndProject
Project("{2150E333-8FDC-42A3-9474-1A3956D46DE8}") = "3-DataAccess", "3-DataAccess", "{EE56BFB5-8356-4DA6-9E07-9D0389C0025E}"
EndProject
Project("{2150E333-8FDC-42A3-9474-1A3956D46DE8}") = "4-DataStorage", "4-DataStorage", "{3981304E-89B9-4D76-8C92-0748A181624D}"
EndProject
Project("{9A19103F-16F7-4668-BE54-9A1E7A4F7556}") = "PlanetViewer", "PlanetViewer\PlanetViewer.csproj", "{3A5E36CB-FB30-4CE1-AFAA-17F8AFBCA387}"
EndProject
Project("{9A19103F-16F7-4668-BE54-9A1E7A4F7556}") = "PlanetViewer.Presentation", "PlanetViewer.Presentation\PlanetViewer.Presentation.csproj", "{3992547B-5C7D-409F-A2B4-7DBEB20D19C9}"
EndProject
Project("{9A19103F-16F7-4668-BE54-9A1E7A4F7556}") = "PlanetDataReader.Service", "PlanetDataReader.Service\PlanetDataReader.Service.csproj", "{851D6A0D-018E-43F5-86B0-ECD78BEF4949}"
EndProject
Project("{2150E333-8FDC-42A3-9474-1A3956D46DE8}") = "Shared", "Shared", "{C20C667D-A84C-4A4B-80EE-C26D8C31CD7B}"
EndProject
Project("{9A19103F-16F7-4668-BE54-9A1E7A4F7556}") = "PlanetApp.Common", "PlanetApp.Common\PlanetApp.Common.csproj", "{F93B68C8-57AE-4C4E-9830-65EC112AA95E}"
EndProject
Project("{9A19103F-16F7-4668-BE54-9A1E7A4F7556}") = "PlanetService", "PlanetService\PlanetService.csproj", "{53B04285-A7F3-430D-894F-873A5730941A}"
EndProject
Project("{2150E333-8FDC-42A3-9474-1A3956D46DE8}") = "1-View", "1-View", "{0FFE93CA-D768-4AD3-9CCB-089147226A85}"
EndProject
Project("{9A19103F-16F7-4668-BE54-9A1E7A4F7556}") = "PlanetViewer.View", "PlanetViewer.View\PlanetViewer.View.csproj", "{8D5A77AA-37C7-4671-A97D-322F6E548489}"
EndProject
Project("{9A19103F-16F7-4668-BE54-9A1E7A4F7556}") = "PlanetDataReader.CSV", "PlanetDataReader.CSV\PlanetDataReader.CSV.csproj", "{91952046-4BEE-4DD4-BA1C-3CBA96F3086B}"
EndProject
Project("{9A19103F-16F7-4668-BE54-9A1E7A4F7556}") = "PlanetDataReader.Caching", "PlanetDataReader.Caching\PlanetDataReader.Caching.csproj", "{C1335E00-5358-4349-9A49-CE0483B0A216}"
EndProject
Project("{9A19103F-16F7-4668-BE54-9A1E7A4F7556}") = "PlanetViewer.MsDI", "PlanetViewer.MsDI\PlanetViewer.MsDI.csproj", "{B4B76D45-2E2F-4222-AEE2-FD60A772ED6D}"
EndProject
Project("{2150E333-8FDC-42A3-9474-1A3956D46DE8}") = "5-Tests", "5-Tests", "{AFCBAE25-80B9-4F3A-B47D-49D105768DCF}"
EndProject
Project("{FAE04EC0-301F-11D3-BF4B-00C04F79EFBC}") = "PlanetViewer.Presentation.Tests", "PlanetViewer.Presentation.Tests\PlanetViewer.Presentation.Tests.csproj", "{80E5D2BA-27D2-47B7-BBF8-11C1E39255FB}"
EndProject
Global
	GlobalSection(SolutionConfigurationPlatforms) = preSolution
		Debug|Any CPU = Debug|Any CPU
		Release|Any CPU = Release|Any CPU
	EndGlobalSection
	GlobalSection(ProjectConfigurationPlatforms) = postSolution
		{3A5E36CB-FB30-4CE1-AFAA-17F8AFBCA387}.Debug|Any CPU.ActiveCfg = Debug|Any CPU
		{3A5E36CB-FB30-4CE1-AFAA-17F8AFBCA387}.Debug|Any CPU.Build.0 = Debug|Any CPU
		{3A5E36CB-FB30-4CE1-AFAA-17F8AFBCA387}.Release|Any CPU.ActiveCfg = Release|Any CPU
		{3A5E36CB-FB30-4CE1-AFAA-17F8AFBCA387}.Release|Any CPU.Build.0 = Release|Any CPU
		{3992547B-5C7D-409F-A2B4-7DBEB20D19C9}.Debug|Any CPU.ActiveCfg = Debug|Any CPU
		{3992547B-5C7D-409F-A2B4-7DBEB20D19C9}.Debug|Any CPU.Build.0 = Debug|Any CPU
		{3992547B-5C7D-409F-A2B4-7DBEB20D19C9}.Release|Any CPU.ActiveCfg = Release|Any CPU
		{3992547B-5C7D-409F-A2B4-7DBEB20D19C9}.Release|Any CPU.Build.0 = Release|Any CPU
		{851D6A0D-018E-43F5-86B0-ECD78BEF4949}.Debug|Any CPU.ActiveCfg = Debug|Any CPU
		{851D6A0D-018E-43F5-86B0-ECD78BEF4949}.Debug|Any CPU.Build.0 = Debug|Any CPU
		{851D6A0D-018E-43F5-86B0-ECD78BEF4949}.Release|Any CPU.ActiveCfg = Release|Any CPU
		{851D6A0D-018E-43F5-86B0-ECD78BEF4949}.Release|Any CPU.Build.0 = Release|Any CPU
		{F93B68C8-57AE-4C4E-9830-65EC112AA95E}.Debug|Any CPU.ActiveCfg = Debug|Any CPU
		{F93B68C8-57AE-4C4E-9830-65EC112AA95E}.Debug|Any CPU.Build.0 = Debug|Any CPU
		{F93B68C8-57AE-4C4E-9830-65EC112AA95E}.Release|Any CPU.ActiveCfg = Release|Any CPU
		{F93B68C8-57AE-4C4E-9830-65EC112AA95E}.Release|Any CPU.Build.0 = Release|Any CPU
		{53B04285-A7F3-430D-894F-873A5730941A}.Debug|Any CPU.ActiveCfg = Debug|Any CPU
		{53B04285-A7F3-430D-894F-873A5730941A}.Debug|Any CPU.Build.0 = Debug|Any CPU
		{53B04285-A7F3-430D-894F-873A5730941A}.Release|Any CPU.ActiveCfg = Release|Any CPU
		{53B04285-A7F3-430D-894F-873A5730941A}.Release|Any CPU.Build.0 = Release|Any CPU
		{8D5A77AA-37C7-4671-A97D-322F6E548489}.Debug|Any CPU.ActiveCfg = Debug|Any CPU
		{8D5A77AA-37C7-4671-A97D-322F6E548489}.Debug|Any CPU.Build.0 = Debug|Any CPU
		{8D5A77AA-37C7-4671-A97D-322F6E548489}.Release|Any CPU.ActiveCfg = Release|Any CPU
		{8D5A77AA-37C7-4671-A97D-322F6E548489}.Release|Any CPU.Build.0 = Release|Any CPU
		{91952046-4BEE-4DD4-BA1C-3CBA96F3086B}.Debug|Any CPU.ActiveCfg = Debug|Any CPU
		{91952046-4BEE-4DD4-BA1C-3CBA96F3086B}.Debug|Any CPU.Build.0 = Debug|Any CPU
		{91952046-4BEE-4DD4-BA1C-3CBA96F3086B}.Release|Any CPU.ActiveCfg = Release|Any CPU
		{91952046-4BEE-4DD4-BA1C-3CBA96F3086B}.Release|Any CPU.Build.0 = Release|Any CPU
		{C1335E00-5358-4349-9A49-CE0483B0A216}.Debug|Any CPU.ActiveCfg = Debug|Any CPU
		{C1335E00-5358-4349-9A49-CE0483B0A216}.Debug|Any CPU.Build.0 = Debug|Any CPU
		{C1335E00-5358-4349-9A49-CE0483B0A216}.Release|Any CPU.ActiveCfg = Release|Any CPU
		{C1335E00-5358-4349-9A49-CE0483B0A216}.Release|Any CPU.Build.0 = Release|Any CPU
		{B4B76D45-2E2F-4222-AEE2-FD60A772ED6D}.Debug|Any CPU.ActiveCfg = Debug|Any CPU
		{B4B76D45-2E2F-4222-AEE2-FD60A772ED6D}.Debug|Any CPU.Build.0 = Debug|Any CPU
		{B4B76D45-2E2F-4222-AEE2-FD60A772ED6D}.Release|Any CPU.ActiveCfg = Release|Any CPU
		{B4B76D45-2E2F-4222-AEE2-FD60A772ED6D}.Release|Any CPU.Build.0 = Release|Any CPU
		{80E5D2BA-27D2-47B7-BBF8-11C1E39255FB}.Debug|Any CPU.ActiveCfg = Debug|Any CPU
		{80E5D2BA-27D2-47B7-BBF8-11C1E39255FB}.Debug|Any CPU.Build.0 = Debug|Any CPU
		{80E5D2BA-27D2-47B7-BBF8-11C1E39255FB}.Release|Any CPU.ActiveCfg = Release|Any CPU
		{80E5D2BA-27D2-47B7-BBF8-11C1E39255FB}.Release|Any CPU.Build.0 = Release|Any CPU
	EndGlobalSection
	GlobalSection(SolutionProperties) = preSolution
		HideSolutionNode = FALSE
	EndGlobalSection
	GlobalSection(NestedProjects) = preSolution
		{3A5E36CB-FB30-4CE1-AFAA-17F8AFBCA387} = {7FC62D3F-0C1C-4910-8A71-A535190D4568}
		{3992547B-5C7D-409F-A2B4-7DBEB20D19C9} = {B68E2F17-24DF-4297-92BD-CAC6B55BB270}
		{851D6A0D-018E-43F5-86B0-ECD78BEF4949} = {EE56BFB5-8356-4DA6-9E07-9D0389C0025E}
		{F93B68C8-57AE-4C4E-9830-65EC112AA95E} = {C20C667D-A84C-4A4B-80EE-C26D8C31CD7B}
		{53B04285-A7F3-430D-894F-873A5730941A} = {3981304E-89B9-4D76-8C92-0748A181624D}
		{8D5A77AA-37C7-4671-A97D-322F6E548489} = {0FFE93CA-D768-4AD3-9CCB-089147226A85}
		{91952046-4BEE-4DD4-BA1C-3CBA96F3086B} = {EE56BFB5-8356-4DA6-9E07-9D0389C0025E}
		{C1335E00-5358-4349-9A49-CE0483B0A216} = {EE56BFB5-8356-4DA6-9E07-9D0389C0025E}
		{B4B76D45-2E2F-4222-AEE2-FD60A772ED6D} = {7FC62D3F-0C1C-4910-8A71-A535190D4568}
		{80E5D2BA-27D2-47B7-BBF8-11C1E39255FB} = {AFCBAE25-80B9-4F3A-B47D-49D105768DCF}
	EndGlobalSection
	GlobalSection(ExtensibilityGlobals) = postSolution
		SolutionGuid = {5599F74E-A050-47DB-A81A-F16E0D4D16E0}
	EndGlobalSection
EndGlobal
